
Microsoft Visual Studio Solution File, Format Version 12.00
# Visual Studio Version 16
VisualStudioVersion = 16.0.29306.81
MinimumVisualStudioVersion = 10.0.40219.1
Project("{FAE04EC0-301F-11D3-BF4B-00C04F79EFBC}") = "Image Reassambler", "Image Reassambler\Image Reassambler.csproj", "{395EBBC4-57EC-4B83-B413-F32F21E23737}"
EndProject
Global
	GlobalSection(SolutionConfigurationPlatforms) = preSolution
		Debug|Any CPU = Debug|Any CPU
		Release|Any CPU = Release|Any CPU
	EndGlobalSection
	GlobalSection(ProjectConfigurationPlatforms) = postSolution
		{395EBBC4-57EC-4B83-B413-F32F21E23737}.Debug|Any CPU.ActiveCfg = Debug|Any CPU
		{395EBBC4-57EC-4B83-B413-F32F21E23737}.Debug|Any CPU.Build.0 = Debug|Any CPU
		{395EBBC4-57EC-4B83-B413-F32F21E23737}.Release|Any CPU.ActiveCfg = Release|Any CPU
		{395EBBC4-57EC-4B83-B413-F32F21E23737}.Release|Any CPU.Build.0 = Release|Any CPU
	EndGlobalSection
	GlobalSection(SolutionProperties) = preSolution
		HideSolutionNode = FALSE
	EndGlobalSection
	GlobalSection(ExtensibilityGlobals) = postSolution
		SolutionGuid = {48ACD232-7B0D-4C7A-9A15-06415329D544}
	EndGlobalSection
EndGlobal
